// !$*UTF8*$!
{
	archiveVersion = 1;
	classes = {
	};
	objectVersion = 46;
	objects = {

/* Begin PBXBuildFile section */
		095878BE41A2442114A005A2 /* Pods_AlamofireSample.framework in Frameworks */ = {isa = PBXBuildFile; fileRef = 97881908D1B9D101601333B4 /* Pods_AlamofireSample.framework */; };
		E29634A11D41068B006EFF97 /* AppDelegate.swift in Sources */ = {isa = PBXBuildFile; fileRef = E29634A01D41068B006EFF97 /* AppDelegate.swift */; };
		E29634A31D41068B006EFF97 /* MainViewController.swift in Sources */ = {isa = PBXBuildFile; fileRef = E29634A21D41068B006EFF97 /* MainViewController.swift */; };
		E29634A61D41068C006EFF97 /* Main.storyboard in Resources */ = {isa = PBXBuildFile; fileRef = E29634A41D41068C006EFF97 /* Main.storyboard */; };
		E29634A81D41068C006EFF97 /* Assets.xcassets in Resources */ = {isa = PBXBuildFile; fileRef = E29634A71D41068C006EFF97 /* Assets.xcassets */; };
		E29634AB1D41068C006EFF97 /* LaunchScreen.storyboard in Resources */ = {isa = PBXBuildFile; fileRef = E29634A91D41068C006EFF97 /* LaunchScreen.storyboard */; };
		E2D81DB71D41B5E200A73FB7 /* CompaniesMain.swift in Sources */ = {isa = PBXBuildFile; fileRef = E2D81DB61D41B5E200A73FB7 /* CompaniesMain.swift */; };
		E2D81DBC1D41C61100A73FB7 /* MainTableViewCell.swift in Sources */ = {isa = PBXBuildFile; fileRef = E2D81DBB1D41C61100A73FB7 /* MainTableViewCell.swift */; };
		E2D81DBE1D42370200A73FB7 /* DetailViewController.swift in Sources */ = {isa = PBXBuildFile; fileRef = E2D81DBD1D42370200A73FB7 /* DetailViewController.swift */; };
		E2D81DC01D423CD600A73FB7 /* Util.swift in Sources */ = {isa = PBXBuildFile; fileRef = E2D81DBF1D423CD600A73FB7 /* Util.swift */; };
		E2FA710C1D41201600ACC4C1 /* CompaniesDetail.swift in Sources */ = {isa = PBXBuildFile; fileRef = E2FA710B1D41201600ACC4C1 /* CompaniesDetail.swift */; };
		E2FA710E1D41206F00ACC4C1 /* Companies.swift in Sources */ = {isa = PBXBuildFile; fileRef = E2FA710D1D41206F00ACC4C1 /* Companies.swift */; };
/* End PBXBuildFile section */

/* Begin PBXFileReference section */
		18AE20446BDB63D06F01899F /* Pods-AlamofireSample.release.xcconfig */ = {isa = PBXFileReference; includeInIndex = 1; lastKnownFileType = text.xcconfig; name = "Pods-AlamofireSample.release.xcconfig"; path = "Pods/Target Support Files/Pods-AlamofireSample/Pods-AlamofireSample.release.xcconfig"; sourceTree = "<group>"; };
		97881908D1B9D101601333B4 /* Pods_AlamofireSample.framework */ = {isa = PBXFileReference; explicitFileType = wrapper.framework; includeInIndex = 0; path = Pods_AlamofireSample.framework; sourceTree = BUILT_PRODUCTS_DIR; };
		E296349D1D41068B006EFF97 /* AlamofireSample.app */ = {isa = PBXFileReference; explicitFileType = wrapper.application; includeInIndex = 0; path = AlamofireSample.app; sourceTree = BUILT_PRODUCTS_DIR; };
		E29634A01D41068B006EFF97 /* AppDelegate.swift */ = {isa = PBXFileReference; lastKnownFileType = sourcecode.swift; path = AppDelegate.swift; sourceTree = "<group>"; };
		E29634A21D41068B006EFF97 /* MainViewController.swift */ = {isa = PBXFileReference; lastKnownFileType = sourcecode.swift; path = MainViewController.swift; sourceTree = "<group>"; };
		E29634A51D41068C006EFF97 /* Base */ = {isa = PBXFileReference; lastKnownFileType = file.storyboard; name = Base; path = Base.lproj/Main.storyboard; sourceTree = "<group>"; };
		E29634A71D41068C006EFF97 /* Assets.xcassets */ = {isa = PBXFileReference; lastKnownFileType = folder.assetcatalog; path = Assets.xcassets; sourceTree = "<group>"; };
		E29634AA1D41068C006EFF97 /* Base */ = {isa = PBXFileReference; lastKnownFileType = file.storyboard; name = Base; path = Base.lproj/LaunchScreen.storyboard; sourceTree = "<group>"; };
		E29634AC1D41068C006EFF97 /* Info.plist */ = {isa = PBXFileReference; lastKnownFileType = text.plist.xml; path = Info.plist; sourceTree = "<group>"; };
		E2D81DB61D41B5E200A73FB7 /* CompaniesMain.swift */ = {isa = PBXFileReference; fileEncoding = 4; lastKnownFileType = sourcecode.swift; path = CompaniesMain.swift; sourceTree = "<group>"; };
		E2D81DBB1D41C61100A73FB7 /* MainTableViewCell.swift */ = {isa = PBXFileReference; fileEncoding = 4; lastKnownFileType = sourcecode.swift; path = MainTableViewCell.swift; sourceTree = "<group>"; };
		E2D81DBD1D42370200A73FB7 /* DetailViewController.swift */ = {isa = PBXFileReference; fileEncoding = 4; lastKnownFileType = sourcecode.swift; path = DetailViewController.swift; sourceTree = "<group>"; };
		E2D81DBF1D423CD600A73FB7 /* Util.swift */ = {isa = PBXFileReference; fileEncoding = 4; lastKnownFileType = sourcecode.swift; path = Util.swift; sourceTree = "<group>"; };
		E2FA710B1D41201600ACC4C1 /* CompaniesDetail.swift */ = {isa = PBXFileReference; fileEncoding = 4; lastKnownFileType = sourcecode.swift; path = CompaniesDetail.swift; sourceTree = "<group>"; };
		E2FA710D1D41206F00ACC4C1 /* Companies.swift */ = {isa = PBXFileReference; fileEncoding = 4; lastKnownFileType = sourcecode.swift; path = Companies.swift; sourceTree = "<group>"; };
		F3C7D08355629CE51A8A94F9 /* Pods-AlamofireSample.debug.xcconfig */ = {isa = PBXFileReference; includeInIndex = 1; lastKnownFileType = text.xcconfig; name = "Pods-AlamofireSample.debug.xcconfig"; path = "Pods/Target Support Files/Pods-AlamofireSample/Pods-AlamofireSample.debug.xcconfig"; sourceTree = "<group>"; };
/* End PBXFileReference section */

/* Begin PBXFrameworksBuildPhase section */
		E296349A1D41068B006EFF97 /* Frameworks */ = {
			isa = PBXFrameworksBuildPhase;
			buildActionMask = 2147483647;
			files = (
				095878BE41A2442114A005A2 /* Pods_AlamofireSample.framework in Frameworks */,
			);
			runOnlyForDeploymentPostprocessing = 0;
		};
/* End PBXFrameworksBuildPhase section */

/* Begin PBXGroup section */
		7C289936D9DC9FF124ABD48E /* Pods */ = {
			isa = PBXGroup;
			children = (
				F3C7D08355629CE51A8A94F9 /* Pods-AlamofireSample.debug.xcconfig */,
				18AE20446BDB63D06F01899F /* Pods-AlamofireSample.release.xcconfig */,
			);
			name = Pods;
			sourceTree = "<group>";
		};
		813DE69492EDA3FC12BB25A3 /* Frameworks */ = {
			isa = PBXGroup;
			children = (
				97881908D1B9D101601333B4 /* Pods_AlamofireSample.framework */,
			);
			name = Frameworks;
			sourceTree = "<group>";
		};
		E29634941D41068B006EFF97 = {
			isa = PBXGroup;
			children = (
				E296349F1D41068B006EFF97 /* AlamofireSample */,
				E296349E1D41068B006EFF97 /* Products */,
				7C289936D9DC9FF124ABD48E /* Pods */,
				813DE69492EDA3FC12BB25A3 /* Frameworks */,
			);
			sourceTree = "<group>";
		};
		E296349E1D41068B006EFF97 /* Products */ = {
			isa = PBXGroup;
			children = (
				E296349D1D41068B006EFF97 /* AlamofireSample.app */,
			);
			name = Products;
			sourceTree = "<group>";
		};
		E296349F1D41068B006EFF97 /* AlamofireSample */ = {
			isa = PBXGroup;
			children = (
				E29634A71D41068C006EFF97 /* Assets.xcassets */,
				E2D81DBA1D41C11400A73FB7 /* Controller */,
				E2D81DB91D41C10A00A73FB7 /* View */,
				E2D81DB51D41B5A200A73FB7 /* Model */,
				E29634A01D41068B006EFF97 /* AppDelegate.swift */,
				E29634AC1D41068C006EFF97 /* Info.plist */,
				E2D81DBF1D423CD600A73FB7 /* Util.swift */,
			);
			path = AlamofireSample;
			sourceTree = "<group>";
		};
		E2D81DB51D41B5A200A73FB7 /* Model */ = {
			isa = PBXGroup;
			children = (
				E2FA710B1D41201600ACC4C1 /* CompaniesDetail.swift */,
				E2FA710D1D41206F00ACC4C1 /* Companies.swift */,
				E2D81DB61D41B5E200A73FB7 /* CompaniesMain.swift */,
			);
			name = Model;
			sourceTree = "<group>";
		};
		E2D81DB91D41C10A00A73FB7 /* View */ = {
			isa = PBXGroup;
			children = (
				E29634A41D41068C006EFF97 /* Main.storyboard */,
				E29634A91D41068C006EFF97 /* LaunchScreen.storyboard */,
			);
			name = View;
			sourceTree = "<group>";
		};
		E2D81DBA1D41C11400A73FB7 /* Controller */ = {
			isa = PBXGroup;
			children = (
				E29634A21D41068B006EFF97 /* MainViewController.swift */,
				E2D81DBB1D41C61100A73FB7 /* MainTableViewCell.swift */,
				E2D81DBD1D42370200A73FB7 /* DetailViewController.swift */,
			);
			name = Controller;
			sourceTree = "<group>";
		};
/* End PBXGroup section */

/* Begin PBXNativeTarget section */
		E296349C1D41068B006EFF97 /* AlamofireSample */ = {
			isa = PBXNativeTarget;
			buildConfigurationList = E29634AF1D41068C006EFF97 /* Build configuration list for PBXNativeTarget "AlamofireSample" */;
			buildPhases = (
				F1EDAFD073D9D9441885F9FD /* [CP] Check Pods Manifest.lock */,
				E29634991D41068B006EFF97 /* Sources */,
				E296349A1D41068B006EFF97 /* Frameworks */,
				E296349B1D41068B006EFF97 /* Resources */,
				FECB00DC9FE1157E84D8C4A7 /* [CP] Embed Pods Frameworks */,
				C516499371EACB0A3B4FFB4E /* [CP] Copy Pods Resources */,
			);
			buildRules = (
			);
			dependencies = (
			);
			name = AlamofireSample;
			productName = AlamofireSample;
			productReference = E296349D1D41068B006EFF97 /* AlamofireSample.app */;
			productType = "com.apple.product-type.application";
		};
/* End PBXNativeTarget section */

/* Begin PBXProject section */
		E29634951D41068B006EFF97 /* Project object */ = {
			isa = PBXProject;
			attributes = {
				LastSwiftUpdateCheck = 0730;
				LastUpgradeCheck = 0730;
				ORGANIZATIONNAME = "Rudson Lima";
				TargetAttributes = {
					E296349C1D41068B006EFF97 = {
						CreatedOnToolsVersion = 7.3.1;
					};
				};
			};
			buildConfigurationList = E29634981D41068B006EFF97 /* Build configuration list for PBXProject "AlamofireSample" */;
			compatibilityVersion = "Xcode 3.2";
			developmentRegion = English;
			hasScannedForEncodings = 0;
			knownRegions = (
				en,
				Base,
			);
			mainGroup = E29634941D41068B006EFF97;
			productRefGroup = E296349E1D41068B006EFF97 /* Products */;
			projectDirPath = "";
			projectRoot = "";
			targets = (
				E296349C1D41068B006EFF97 /* AlamofireSample */,
			);
		};
/* End PBXProject section */

/* Begin PBXResourcesBuildPhase section */
		E296349B1D41068B006EFF97 /* Resources */ = {
			isa = PBXResourcesBuildPhase;
			buildActionMask = 2147483647;
			files = (
				E29634AB1D41068C006EFF97 /* LaunchScreen.storyboard in Resources */,
				E29634A81D41068C006EFF97 /* Assets.xcassets in Resources */,
				E29634A61D41068C006EFF97 /* Main.storyboard in Resources */,
			);
			runOnlyForDeploymentPostprocessing = 0;
		};
/* End PBXResourcesBuildPhase section */

/* Begin PBXShellScriptBuildPhase section */
		C516499371EACB0A3B4FFB4E /* [CP] Copy Pods Resources */ = {
			isa = PBXShellScriptBuildPhase;
			buildActionMask = 2147483647;
			files = (
			);
			inputPaths = (
			);
			name = "[CP] Copy Pods Resources";
			outputPaths = (
			);
			runOnlyForDeploymentPostprocessing = 0;
			shellPath = /bin/sh;
			shellScript = "\"${SRCROOT}/Pods/Target Support Files/Pods-AlamofireSample/Pods-AlamofireSample-resources.sh\"\n";
			showEnvVarsInLog = 0;
		};
		F1EDAFD073D9D9441885F9FD /* [CP] Check Pods Manifest.lock */ = {
			isa = PBXShellScriptBuildPhase;
			buildActionMask = 2147483647;
			files = (
			);
			inputPaths = (
			);
			name = "[CP] Check Pods Manifest.lock";
			outputPaths = (
			);
			runOnlyForDeploymentPostprocessing = 0;
			shellPath = /bin/sh;
			shellScript = "diff \"${PODS_ROOT}/../Podfile.lock\" \"${PODS_ROOT}/Manifest.lock\" > /dev/null\nif [[ $? != 0 ]] ; then\n    cat << EOM\nerror: The sandbox is not in sync with the Podfile.lock. Run 'pod install' or update your CocoaPods installation.\nEOM\n    exit 1\nfi\n";
			showEnvVarsInLog = 0;
		};
		FECB00DC9FE1157E84D8C4A7 /* [CP] Embed Pods Frameworks */ = {
			isa = PBXShellScriptBuildPhase;
			buildActionMask = 2147483647;
			files = (
			);
			inputPaths = (
			);
			name = "[CP] Embed Pods Frameworks";
			outputPaths = (
			);
			runOnlyForDeploymentPostprocessing = 0;
			shellPath = /bin/sh;
			shellScript = "\"${SRCROOT}/Pods/Target Support Files/Pods-AlamofireSample/Pods-AlamofireSample-frameworks.sh\"\n";
			showEnvVarsInLog = 0;
		};
/* End PBXShellScriptBuildPhase section */

/* Begin PBXSourcesBuildPhase section */
		E29634991D41068B006EFF97 /* Sources */ = {
			isa = PBXSourcesBuildPhase;
			buildActionMask = 2147483647;
			files = (
				E2FA710E1D41206F00ACC4C1 /* Companies.swift in Sources */,
				E2FA710C1D41201600ACC4C1 /* CompaniesDetail.swift in Sources */,
				E29634A31D41068B006EFF97 /* MainViewController.swift in Sources */,
				E2D81DC01D423CD600A73FB7 /* Util.swift in Sources */,
				E2D81DB71D41B5E200A73FB7 /* CompaniesMain.swift in Sources */,
				E2D81DBC1D41C61100A73FB7 /* MainTableViewCell.swift in Sources */,
				E29634A11D41068B006EFF97 /* AppDelegate.swift in Sources */,
				E2D81DBE1D42370200A73FB7 /* DetailViewController.swift in Sources */,
			);
			runOnlyForDeploymentPostprocessing = 0;
		};
/* End PBXSourcesBuildPhase section */

/* Begin PBXVariantGroup section */
		E29634A41D41068C006EFF97 /* Main.storyboard */ = {
			isa = PBXVariantGroup;
			children = (
				E29634A51D41068C006EFF97 /* Base */,
			);
			name = Main.storyboard;
			sourceTree = "<group>";
		};
		E29634A91D41068C006EFF97 /* LaunchScreen.storyboard */ = {
			isa = PBXVariantGroup;
			children = (
				E29634AA1D41068C006EFF97 /* Base */,
			);
			name = LaunchScreen.storyboard;
			sourceTree = "<group>";
		};
/* End PBXVariantGroup section */

/* Begin XCBuildConfiguration section */
		E29634AD1D41068C006EFF97 /* Debug */ = {
			isa = XCBuildConfiguration;
			buildSettings = {
				ALWAYS_SEARCH_USER_PATHS = NO;
				CLANG_ANALYZER_NONNULL = YES;
				CLANG_CXX_LANGUAGE_STANDARD = "gnu++0x";
				CLANG_CXX_LIBRARY = "libc++";
				CLANG_ENABLE_MODULES = YES;
				CLANG_ENABLE_OBJC_ARC = YES;
				CLANG_WARN_BOOL_CONVERSION = YES;
				CLANG_WARN_CONSTANT_CONVERSION = YES;
				CLANG_WARN_DIRECT_OBJC_ISA_USAGE = YES_ERROR;
				CLANG_WARN_EMPTY_BODY = YES;
				CLANG_WARN_ENUM_CONVERSION = YES;
				CLANG_WARN_INT_CONVERSION = YES;
				CLANG_WARN_OBJC_ROOT_CLASS = YES_ERROR;
				CLANG_WARN_UNREACHABLE_CODE = YES;
				CLANG_WARN__DUPLICATE_METHOD_MATCH = YES;
				"CODE_SIGN_IDENTITY[sdk=iphoneos*]" = "iPhone Developer";
				COPY_PHASE_STRIP = NO;
				DEBUG_INFORMATION_FORMAT = dwarf;
				ENABLE_STRICT_OBJC_MSGSEND = YES;
				ENABLE_TESTABILITY = YES;
				GCC_C_LANGUAGE_STANDARD = gnu99;
				GCC_DYNAMIC_NO_PIC = NO;
				GCC_NO_COMMON_BLOCKS = YES;
				GCC_OPTIMIZATION_LEVEL = 0;
				GCC_PREPROCESSOR_DEFINITIONS = (
					"DEBUG=1",
					"$(inherited)",
				);
				GCC_WARN_64_TO_32_BIT_CONVERSION = YES;
				GCC_WARN_ABOUT_RETURN_TYPE = YES_ERROR;
				GCC_WARN_UNDECLARED_SELECTOR = YES;
				GCC_WARN_UNINITIALIZED_AUTOS = YES_AGGRESSIVE;
				GCC_WARN_UNUSED_FUNCTION = YES;
				GCC_WARN_UNUSED_VARIABLE = YES;
				IPHONEOS_DEPLOYMENT_TARGET = 9.3;
				MTL_ENABLE_DEBUG_INFO = YES;
				ONLY_ACTIVE_ARCH = YES;
				SDKROOT = iphoneos;
				SWIFT_OPTIMIZATION_LEVEL = "-Onone";
				TARGETED_DEVICE_FAMILY = "1,2";
			};
			name = Debug;
		};
		E29634AE1D41068C006EFF97 /* Release */ = {
			isa = XCBuildConfiguration;
			buildSettings = {
				ALWAYS_SEARCH_USER_PATHS = NO;
				CLANG_ANALYZER_NONNULL = YES;
				CLANG_CXX_LANGUAGE_STANDARD = "gnu++0x";
				CLANG_CXX_LIBRARY = "libc++";
				CLANG_ENABLE_MODULES = YES;
				CLANG_ENABLE_OBJC_ARC = YES;
				CLANG_WARN_BOOL_CONVERSION = YES;
				CLANG_WARN_CONSTANT_CONVERSION = YES;
				CLANG_WARN_DIRECT_OBJC_ISA_USAGE = YES_ERROR;
				CLANG_WARN_EMPTY_BODY = YES;
				CLANG_WARN_ENUM_CONVERSION = YES;
				CLANG_WARN_INT_CONVERSION = YES;
				CLANG_WARN_OBJC_ROOT_CLASS = YES_ERROR;
				CLANG_WARN_UNREACHABLE_CODE = YES;
				CLANG_WARN__DUPLICATE_METHOD_MATCH = YES;
				"CODE_SIGN_IDENTITY[sdk=iphoneos*]" = "iPhone Developer";
				COPY_PHASE_STRIP = NO;
				DEBUG_INFORMATION_FORMAT = "dwarf-with-dsym";
				ENABLE_NS_ASSERTIONS = NO;
				ENABLE_STRICT_OBJC_MSGSEND = YES;
				GCC_C_LANGUAGE_STANDARD = gnu99;
				GCC_NO_COMMON_BLOCKS = YES;
				GCC_WARN_64_TO_32_BIT_CONVERSION = YES;
				GCC_WARN_ABOUT_RETURN_TYPE = YES_ERROR;
				GCC_WARN_UNDECLARED_SELECTOR = YES;
				GCC_WARN_UNINITIALIZED_AUTOS = YES_AGGRESSIVE;
				GCC_WARN_UNUSED_FUNCTION = YES;
				GCC_WARN_UNUSED_VARIABLE = YES;
				IPHONEOS_DEPLOYMENT_TARGET = 9.3;
				MTL_ENABLE_DEBUG_INFO = NO;
				SDKROOT = iphoneos;
				TARGETED_DEVICE_FAMILY = "1,2";
				VALIDATE_PRODUCT = YES;
			};
			name = Release;
		};
		E29634B01D41068C006EFF97 /* Debug */ = {
			isa = XCBuildConfiguration;
			baseConfigurationReference = F3C7D08355629CE51A8A94F9 /* Pods-AlamofireSample.debug.xcconfig */;
			buildSettings = {
				ASSETCATALOG_COMPILER_APPICON_NAME = AppIcon;
				INFOPLIST_FILE = AlamofireSample/Info.plist;
				IPHONEOS_DEPLOYMENT_TARGET = 8.1;
				LD_RUNPATH_SEARCH_PATHS = "$(inherited) @executable_path/Frameworks";
				PRODUCT_BUNDLE_IDENTIFIER = br.com.liveo.AlamofireSample;
				PRODUCT_NAME = "$(TARGET_NAME)";
			};
			name = Debug;
		};
		E29634B11D41068C006EFF97 /* Release */ = {
			isa = XCBuildConfiguration;
			baseConfigurationReference = 18AE20446BDB63D06F01899F /* Pods-AlamofireSample.release.xcconfig */;
			buildSettings = {
				ASSETCATALOG_COMPILER_APPICON_NAME = AppIcon;
				INFOPLIST_FILE = AlamofireSample/Info.plist;
				IPHONEOS_DEPLOYMENT_TARGET = 8.1;
				LD_RUNPATH_SEARCH_PATHS = "$(inherited) @executable_path/Frameworks";
				PRODUCT_BUNDLE_IDENTIFIER = br.com.liveo.AlamofireSample;
				PRODUCT_NAME = "$(TARGET_NAME)";
			};
			name = Release;
		};
/* End XCBuildConfiguration section */

/* Begin XCConfigurationList section */
		E29634981D41068B006EFF97 /* Build configuration list for PBXProject "AlamofireSample" */ = {
			isa = XCConfigurationList;
			buildConfigurations = (
				E29634AD1D41068C006EFF97 /* Debug */,
				E29634AE1D41068C006EFF97 /* Release */,
			);
			defaultConfigurationIsVisible = 0;
			defaultConfigurationName = Release;
		};
		E29634AF1D41068C006EFF97 /* Build configuration list for PBXNativeTarget "AlamofireSample" */ = {
			isa = XCConfigurationList;
			buildConfigurations = (
				E29634B01D41068C006EFF97 /* Debug */,
				E29634B11D41068C006EFF97 /* Release */,
			);
			defaultConfigurationIsVisible = 0;
			defaultConfigurationName = Release;
		};
/* End XCConfigurationList section */
	};
	rootObject = E29634951D41068B006EFF97 /* Project object */;
}
